// !$*UTF8*$!
{
	archiveVersion = 1;
	classes = {
	};
	objectVersion = 56;
	objects = {

/* Begin PBXBuildFile section */
		A162416A298ADD3900292341 /* CategoriesCollectionViewController.swift in Sources */ = {isa = PBXBuildFile; fileRef = A1624169298ADD3900292341 /* CategoriesCollectionViewController.swift */; };
		A162416C298AE3B700292341 /* MealListViewModel.swift in Sources */ = {isa = PBXBuildFile; fileRef = A162416B298AE3B700292341 /* MealListViewModel.swift */; };
		A162416F298AE45B00292341 /* MealListDataProvider.swift in Sources */ = {isa = PBXBuildFile; fileRef = A162416E298AE45B00292341 /* MealListDataProvider.swift */; };
		A1624171298AE76A00292341 /* MealListCollectionViewController.swift in Sources */ = {isa = PBXBuildFile; fileRef = A1624170298AE76A00292341 /* MealListCollectionViewController.swift */; };
		A1624173298AE94D00292341 /* MealCollectionViewCell.swift in Sources */ = {isa = PBXBuildFile; fileRef = A1624172298AE94D00292341 /* MealCollectionViewCell.swift */; };
		A1CD9560297B4B5700A7749D /* AppDelegate.swift in Sources */ = {isa = PBXBuildFile; fileRef = A1CD955F297B4B5700A7749D /* AppDelegate.swift */; };
		A1CD9562297B4B5700A7749D /* SceneDelegate.swift in Sources */ = {isa = PBXBuildFile; fileRef = A1CD9561297B4B5700A7749D /* SceneDelegate.swift */; };
		A1CD9564297B4B5700A7749D /* MealDetailViewController.swift in Sources */ = {isa = PBXBuildFile; fileRef = A1CD9563297B4B5700A7749D /* MealDetailViewController.swift */; };
		A1CD9567297B4B5700A7749D /* Main.storyboard in Resources */ = {isa = PBXBuildFile; fileRef = A1CD9565297B4B5700A7749D /* Main.storyboard */; };
		A1CD9569297B4B5800A7749D /* Assets.xcassets in Resources */ = {isa = PBXBuildFile; fileRef = A1CD9568297B4B5800A7749D /* Assets.xcassets */; };
		A1CD956C297B4B5800A7749D /* LaunchScreen.storyboard in Resources */ = {isa = PBXBuildFile; fileRef = A1CD956A297B4B5800A7749D /* LaunchScreen.storyboard */; };
		A1CD9577297B635400A7749D /* Category.swift in Sources */ = {isa = PBXBuildFile; fileRef = A1CD9576297B635400A7749D /* Category.swift */; };
		A1CD957A297B639800A7749D /* MealList.swift in Sources */ = {isa = PBXBuildFile; fileRef = A1CD9579297B639800A7749D /* MealList.swift */; };
		A1CD957C297B63A700A7749D /* Recipe.swift in Sources */ = {isa = PBXBuildFile; fileRef = A1CD957B297B63A700A7749D /* Recipe.swift */; };
		A1CD957F297B782B00A7749D /* CategoryListViewModel.swift in Sources */ = {isa = PBXBuildFile; fileRef = A1CD957E297B782B00A7749D /* CategoryListViewModel.swift */; };
		A1CD9581297B788A00A7749D /* CategoriesDataProvider.swift in Sources */ = {isa = PBXBuildFile; fileRef = A1CD9580297B788A00A7749D /* CategoriesDataProvider.swift */; };
		A1CD9583297B7DE300A7749D /* APIService.swift in Sources */ = {isa = PBXBuildFile; fileRef = A1CD9582297B7DE300A7749D /* APIService.swift */; };
		A1CD9586297B7E8000A7749D /* NetworkError.swift in Sources */ = {isa = PBXBuildFile; fileRef = A1CD9585297B7E8000A7749D /* NetworkError.swift */; };
		A1CD958A297BAD0B00A7749D /* CategoriesCollectionViewCell.swift in Sources */ = {isa = PBXBuildFile; fileRef = A1CD9589297BAD0B00A7749D /* CategoriesCollectionViewCell.swift */; };
		A1CD958C297BB3B100A7749D /* ImageRequestService.swift in Sources */ = {isa = PBXBuildFile; fileRef = A1CD958B297BB3B100A7749D /* ImageRequestService.swift */; };
/* End PBXBuildFile section */

/* Begin PBXFileReference section */
		A1624169298ADD3900292341 /* CategoriesCollectionViewController.swift */ = {isa = PBXFileReference; lastKnownFileType = sourcecode.swift; path = CategoriesCollectionViewController.swift; sourceTree = "<group>"; };
		A162416B298AE3B700292341 /* MealListViewModel.swift */ = {isa = PBXFileReference; lastKnownFileType = sourcecode.swift; path = MealListViewModel.swift; sourceTree = "<group>"; };
		A162416E298AE45B00292341 /* MealListDataProvider.swift */ = {isa = PBXFileReference; lastKnownFileType = sourcecode.swift; path = MealListDataProvider.swift; sourceTree = "<group>"; };
		A1624170298AE76A00292341 /* MealListCollectionViewController.swift */ = {isa = PBXFileReference; lastKnownFileType = sourcecode.swift; path = MealListCollectionViewController.swift; sourceTree = "<group>"; };
		A1624172298AE94D00292341 /* MealCollectionViewCell.swift */ = {isa = PBXFileReference; lastKnownFileType = sourcecode.swift; path = MealCollectionViewCell.swift; sourceTree = "<group>"; };
		A1CD955C297B4B5700A7749D /* ThatMeal.app */ = {isa = PBXFileReference; explicitFileType = wrapper.application; includeInIndex = 0; path = ThatMeal.app; sourceTree = BUILT_PRODUCTS_DIR; };
		A1CD955F297B4B5700A7749D /* AppDelegate.swift */ = {isa = PBXFileReference; lastKnownFileType = sourcecode.swift; path = AppDelegate.swift; sourceTree = "<group>"; };
		A1CD9561297B4B5700A7749D /* SceneDelegate.swift */ = {isa = PBXFileReference; lastKnownFileType = sourcecode.swift; path = SceneDelegate.swift; sourceTree = "<group>"; };
		A1CD9563297B4B5700A7749D /* MealDetailViewController.swift */ = {isa = PBXFileReference; lastKnownFileType = sourcecode.swift; path = MealDetailViewController.swift; sourceTree = "<group>"; };
		A1CD9566297B4B5700A7749D /* Base */ = {isa = PBXFileReference; lastKnownFileType = file.storyboard; name = Base; path = Base.lproj/Main.storyboard; sourceTree = "<group>"; };
		A1CD9568297B4B5800A7749D /* Assets.xcassets */ = {isa = PBXFileReference; lastKnownFileType = folder.assetcatalog; path = Assets.xcassets; sourceTree = "<group>"; };
		A1CD956B297B4B5800A7749D /* Base */ = {isa = PBXFileReference; lastKnownFileType = file.storyboard; name = Base; path = Base.lproj/LaunchScreen.storyboard; sourceTree = "<group>"; };
		A1CD956D297B4B5800A7749D /* Info.plist */ = {isa = PBXFileReference; lastKnownFileType = text.plist.xml; path = Info.plist; sourceTree = "<group>"; };
		A1CD9576297B635400A7749D /* Category.swift */ = {isa = PBXFileReference; lastKnownFileType = sourcecode.swift; path = Category.swift; sourceTree = "<group>"; };
		A1CD9579297B639800A7749D /* MealList.swift */ = {isa = PBXFileReference; lastKnownFileType = sourcecode.swift; path = MealList.swift; sourceTree = "<group>"; };
		A1CD957B297B63A700A7749D /* Recipe.swift */ = {isa = PBXFileReference; lastKnownFileType = sourcecode.swift; path = Recipe.swift; sourceTree = "<group>"; };
		A1CD957E297B782B00A7749D /* CategoryListViewModel.swift */ = {isa = PBXFileReference; lastKnownFileType = sourcecode.swift; path = CategoryListViewModel.swift; sourceTree = "<group>"; };
		A1CD9580297B788A00A7749D /* CategoriesDataProvider.swift */ = {isa = PBXFileReference; lastKnownFileType = sourcecode.swift; path = CategoriesDataProvider.swift; sourceTree = "<group>"; };
		A1CD9582297B7DE300A7749D /* APIService.swift */ = {isa = PBXFileReference; lastKnownFileType = sourcecode.swift; path = APIService.swift; sourceTree = "<group>"; };
		A1CD9585297B7E8000A7749D /* NetworkError.swift */ = {isa = PBXFileReference; lastKnownFileType = sourcecode.swift; path = NetworkError.swift; sourceTree = "<group>"; };
		A1CD9589297BAD0B00A7749D /* CategoriesCollectionViewCell.swift */ = {isa = PBXFileReference; lastKnownFileType = sourcecode.swift; path = CategoriesCollectionViewCell.swift; sourceTree = "<group>"; };
		A1CD958B297BB3B100A7749D /* ImageRequestService.swift */ = {isa = PBXFileReference; lastKnownFileType = sourcecode.swift; path = ImageRequestService.swift; sourceTree = "<group>"; };
/* End PBXFileReference section */

/* Begin PBXFrameworksBuildPhase section */
		A1CD9559297B4B5700A7749D /* Frameworks */ = {
			isa = PBXFrameworksBuildPhase;
			buildActionMask = 2147483647;
			files = (
			);
			runOnlyForDeploymentPostprocessing = 0;
		};
/* End PBXFrameworksBuildPhase section */

/* Begin PBXGroup section */
		A162416D298AE3BC00292341 /* Meal List */ = {
			isa = PBXGroup;
			children = (
				A162416E298AE45B00292341 /* MealListDataProvider.swift */,
				A162416B298AE3B700292341 /* MealListViewModel.swift */,
				A1624170298AE76A00292341 /* MealListCollectionViewController.swift */,
				A1624172298AE94D00292341 /* MealCollectionViewCell.swift */,
			);
			path = "Meal List";
			sourceTree = "<group>";
		};
		A1CD9553297B4B5700A7749D = {
			isa = PBXGroup;
			children = (
				A1CD955E297B4B5700A7749D /* ThatMeal */,
				A1CD955D297B4B5700A7749D /* Products */,
			);
			sourceTree = "<group>";
		};
		A1CD955D297B4B5700A7749D /* Products */ = {
			isa = PBXGroup;
			children = (
				A1CD955C297B4B5700A7749D /* ThatMeal.app */,
			);
			name = Products;
			sourceTree = "<group>";
		};
		A1CD955E297B4B5700A7749D /* ThatMeal */ = {
			isa = PBXGroup;
			children = (
				A1CD9573297B4B9100A7749D /* Resources */,
				A1CD9563297B4B5700A7749D /* MealDetailViewController.swift */,
				A1CD9565297B4B5700A7749D /* Main.storyboard */,
				A1CD956A297B4B5800A7749D /* LaunchScreen.storyboard */,
				A1CD9578297B635800A7749D /* Models */,
				A1CD9584297B7DF100A7749D /* Services */,
				A1CD957D297B77A200A7749D /* Categories */,
				A162416D298AE3BC00292341 /* Meal List */,
			);
			path = ThatMeal;
			sourceTree = "<group>";
		};
		A1CD9573297B4B9100A7749D /* Resources */ = {
			isa = PBXGroup;
			children = (
				A1CD955F297B4B5700A7749D /* AppDelegate.swift */,
				A1CD9561297B4B5700A7749D /* SceneDelegate.swift */,
				A1CD9568297B4B5800A7749D /* Assets.xcassets */,
				A1CD956D297B4B5800A7749D /* Info.plist */,
			);
			path = Resources;
			sourceTree = "<group>";
		};
		A1CD9578297B635800A7749D /* Models */ = {
			isa = PBXGroup;
			children = (
				A1CD9576297B635400A7749D /* Category.swift */,
				A1CD9579297B639800A7749D /* MealList.swift */,
				A1CD957B297B63A700A7749D /* Recipe.swift */,
			);
			path = Models;
			sourceTree = "<group>";
		};
		A1CD957D297B77A200A7749D /* Categories */ = {
			isa = PBXGroup;
			children = (
				A1CD9580297B788A00A7749D /* CategoriesDataProvider.swift */,
				A1CD957E297B782B00A7749D /* CategoryListViewModel.swift */,
				A1624169298ADD3900292341 /* CategoriesCollectionViewController.swift */,
				A1CD9589297BAD0B00A7749D /* CategoriesCollectionViewCell.swift */,
			);
			path = Categories;
			sourceTree = "<group>";
		};
		A1CD9584297B7DF100A7749D /* Services */ = {
			isa = PBXGroup;
			children = (
				A1CD9582297B7DE300A7749D /* APIService.swift */,
				A1CD9585297B7E8000A7749D /* NetworkError.swift */,
				A1CD958B297BB3B100A7749D /* ImageRequestService.swift */,
			);
			path = Services;
			sourceTree = "<group>";
		};
/* End PBXGroup section */

/* Begin PBXNativeTarget section */
		A1CD955B297B4B5700A7749D /* ThatMeal */ = {
			isa = PBXNativeTarget;
			buildConfigurationList = A1CD9570297B4B5800A7749D /* Build configuration list for PBXNativeTarget "ThatMeal" */;
			buildPhases = (
				A1CD9558297B4B5700A7749D /* Sources */,
				A1CD9559297B4B5700A7749D /* Frameworks */,
				A1CD955A297B4B5700A7749D /* Resources */,
			);
			buildRules = (
			);
			dependencies = (
			);
			name = ThatMeal;
			productName = ThatMeal;
			productReference = A1CD955C297B4B5700A7749D /* ThatMeal.app */;
			productType = "com.apple.product-type.application";
		};
/* End PBXNativeTarget section */

/* Begin PBXProject section */
		A1CD9554297B4B5700A7749D /* Project object */ = {
			isa = PBXProject;
			attributes = {
				BuildIndependentTargetsInParallel = 1;
				LastSwiftUpdateCheck = 1420;
				LastUpgradeCheck = 1420;
				TargetAttributes = {
					A1CD955B297B4B5700A7749D = {
						CreatedOnToolsVersion = 14.2;
					};
				};
			};
			buildConfigurationList = A1CD9557297B4B5700A7749D /* Build configuration list for PBXProject "ThatMeal" */;
			compatibilityVersion = "Xcode 14.0";
			developmentRegion = en;
			hasScannedForEncodings = 0;
			knownRegions = (
				en,
				Base,
			);
			mainGroup = A1CD9553297B4B5700A7749D;
			productRefGroup = A1CD955D297B4B5700A7749D /* Products */;
			projectDirPath = "";
			projectRoot = "";
			targets = (
				A1CD955B297B4B5700A7749D /* ThatMeal */,
			);
		};
/* End PBXProject section */

/* Begin PBXResourcesBuildPhase section */
		A1CD955A297B4B5700A7749D /* Resources */ = {
			isa = PBXResourcesBuildPhase;
			buildActionMask = 2147483647;
			files = (
				A1CD956C297B4B5800A7749D /* LaunchScreen.storyboard in Resources */,
				A1CD9569297B4B5800A7749D /* Assets.xcassets in Resources */,
				A1CD9567297B4B5700A7749D /* Main.storyboard in Resources */,
			);
			runOnlyForDeploymentPostprocessing = 0;
		};
/* End PBXResourcesBuildPhase section */

/* Begin PBXSourcesBuildPhase section */
		A1CD9558297B4B5700A7749D /* Sources */ = {
			isa = PBXSourcesBuildPhase;
			buildActionMask = 2147483647;
			files = (
				A1CD9577297B635400A7749D /* Category.swift in Sources */,
				A1CD958A297BAD0B00A7749D /* CategoriesCollectionViewCell.swift in Sources */,
				A1CD957C297B63A700A7749D /* Recipe.swift in Sources */,
				A162416A298ADD3900292341 /* CategoriesCollectionViewController.swift in Sources */,
				A1624173298AE94D00292341 /* MealCollectionViewCell.swift in Sources */,
				A162416F298AE45B00292341 /* MealListDataProvider.swift in Sources */,
				A1CD957A297B639800A7749D /* MealList.swift in Sources */,
				A1CD9581297B788A00A7749D /* CategoriesDataProvider.swift in Sources */,
				A1CD958C297BB3B100A7749D /* ImageRequestService.swift in Sources */,
				A1CD9564297B4B5700A7749D /* MealDetailViewController.swift in Sources */,
				A1CD9583297B7DE300A7749D /* APIService.swift in Sources */,
				A1CD9560297B4B5700A7749D /* AppDelegate.swift in Sources */,
				A1CD9562297B4B5700A7749D /* SceneDelegate.swift in Sources */,
				A1624171298AE76A00292341 /* MealListCollectionViewController.swift in Sources */,
				A1CD9586297B7E8000A7749D /* NetworkError.swift in Sources */,
				A1CD957F297B782B00A7749D /* CategoryListViewModel.swift in Sources */,
				A162416C298AE3B700292341 /* MealListViewModel.swift in Sources */,
			);
			runOnlyForDeploymentPostprocessing = 0;
		};
/* End PBXSourcesBuildPhase section */

/* Begin PBXVariantGroup section */
		A1CD9565297B4B5700A7749D /* Main.storyboard */ = {
			isa = PBXVariantGroup;
			children = (
				A1CD9566297B4B5700A7749D /* Base */,
			);
			name = Main.storyboard;
			sourceTree = "<group>";
		};
		A1CD956A297B4B5800A7749D /* LaunchScreen.storyboard */ = {
			isa = PBXVariantGroup;
			children = (
				A1CD956B297B4B5800A7749D /* Base */,
			);
			name = LaunchScreen.storyboard;
			sourceTree = "<group>";
		};
/* End PBXVariantGroup section */

/* Begin XCBuildConfiguration section */
		A1CD956E297B4B5800A7749D /* Debug */ = {
			isa = XCBuildConfiguration;
			buildSettings = {
				ALWAYS_SEARCH_USER_PATHS = NO;
				CLANG_ANALYZER_NONNULL = YES;
				CLANG_ANALYZER_NUMBER_OBJECT_CONVERSION = YES_AGGRESSIVE;
				CLANG_CXX_LANGUAGE_STANDARD = "gnu++20";
				CLANG_ENABLE_MODULES = YES;
				CLANG_ENABLE_OBJC_ARC = YES;
				CLANG_ENABLE_OBJC_WEAK = YES;
				CLANG_WARN_BLOCK_CAPTURE_AUTORELEASING = YES;
				CLANG_WARN_BOOL_CONVERSION = YES;
				CLANG_WARN_COMMA = YES;
				CLANG_WARN_CONSTANT_CONVERSION = YES;
				CLANG_WARN_DEPRECATED_OBJC_IMPLEMENTATIONS = YES;
				CLANG_WARN_DIRECT_OBJC_ISA_USAGE = YES_ERROR;
				CLANG_WARN_DOCUMENTATION_COMMENTS = YES;
				CLANG_WARN_EMPTY_BODY = YES;
				CLANG_WARN_ENUM_CONVERSION = YES;
				CLANG_WARN_INFINITE_RECURSION = YES;
				CLANG_WARN_INT_CONVERSION = YES;
				CLANG_WARN_NON_LITERAL_NULL_CONVERSION = YES;
				CLANG_WARN_OBJC_IMPLICIT_RETAIN_SELF = YES;
				CLANG_WARN_OBJC_LITERAL_CONVERSION = YES;
				CLANG_WARN_OBJC_ROOT_CLASS = YES_ERROR;
				CLANG_WARN_QUOTED_INCLUDE_IN_FRAMEWORK_HEADER = YES;
				CLANG_WARN_RANGE_LOOP_ANALYSIS = YES;
				CLANG_WARN_STRICT_PROTOTYPES = YES;
				CLANG_WARN_SUSPICIOUS_MOVE = YES;
				CLANG_WARN_UNGUARDED_AVAILABILITY = YES_AGGRESSIVE;
				CLANG_WARN_UNREACHABLE_CODE = YES;
				CLANG_WARN__DUPLICATE_METHOD_MATCH = YES;
				COPY_PHASE_STRIP = NO;
				DEBUG_INFORMATION_FORMAT = dwarf;
				ENABLE_STRICT_OBJC_MSGSEND = YES;
				ENABLE_TESTABILITY = YES;
				GCC_C_LANGUAGE_STANDARD = gnu11;
				GCC_DYNAMIC_NO_PIC = NO;
				GCC_NO_COMMON_BLOCKS = YES;
				GCC_OPTIMIZATION_LEVEL = 0;
				GCC_PREPROCESSOR_DEFINITIONS = (
					"DEBUG=1",
					"$(inherited)",
				);
				GCC_WARN_64_TO_32_BIT_CONVERSION = YES;
				GCC_WARN_ABOUT_RETURN_TYPE = YES_ERROR;
				GCC_WARN_UNDECLARED_SELECTOR = YES;
				GCC_WARN_UNINITIALIZED_AUTOS = YES_AGGRESSIVE;
				GCC_WARN_UNUSED_FUNCTION = YES;
				GCC_WARN_UNUSED_VARIABLE = YES;
				IPHONEOS_DEPLOYMENT_TARGET = 16.2;
				MTL_ENABLE_DEBUG_INFO = INCLUDE_SOURCE;
				MTL_FAST_MATH = YES;
				ONLY_ACTIVE_ARCH = YES;
				SDKROOT = iphoneos;
				SWIFT_ACTIVE_COMPILATION_CONDITIONS = DEBUG;
				SWIFT_OPTIMIZATION_LEVEL = "-Onone";
			};
			name = Debug;
		};
		A1CD956F297B4B5800A7749D /* Release */ = {
			isa = XCBuildConfiguration;
			buildSettings = {
				ALWAYS_SEARCH_USER_PATHS = NO;
				CLANG_ANALYZER_NONNULL = YES;
				CLANG_ANALYZER_NUMBER_OBJECT_CONVERSION = YES_AGGRESSIVE;
				CLANG_CXX_LANGUAGE_STANDARD = "gnu++20";
				CLANG_ENABLE_MODULES = YES;
				CLANG_ENABLE_OBJC_ARC = YES;
				CLANG_ENABLE_OBJC_WEAK = YES;
				CLANG_WARN_BLOCK_CAPTURE_AUTORELEASING = YES;
				CLANG_WARN_BOOL_CONVERSION = YES;
				CLANG_WARN_COMMA = YES;
				CLANG_WARN_CONSTANT_CONVERSION = YES;
				CLANG_WARN_DEPRECATED_OBJC_IMPLEMENTATIONS = YES;
				CLANG_WARN_DIRECT_OBJC_ISA_USAGE = YES_ERROR;
				CLANG_WARN_DOCUMENTATION_COMMENTS = YES;
				CLANG_WARN_EMPTY_BODY = YES;
				CLANG_WARN_ENUM_CONVERSION = YES;
				CLANG_WARN_INFINITE_RECURSION = YES;
				CLANG_WARN_INT_CONVERSION = YES;
				CLANG_WARN_NON_LITERAL_NULL_CONVERSION = YES;
				CLANG_WARN_OBJC_IMPLICIT_RETAIN_SELF = YES;
				CLANG_WARN_OBJC_LITERAL_CONVERSION = YES;
				CLANG_WARN_OBJC_ROOT_CLASS = YES_ERROR;
				CLANG_WARN_QUOTED_INCLUDE_IN_FRAMEWORK_HEADER = YES;
				CLANG_WARN_RANGE_LOOP_ANALYSIS = YES;
				CLANG_WARN_STRICT_PROTOTYPES = YES;
				CLANG_WARN_SUSPICIOUS_MOVE = YES;
				CLANG_WARN_UNGUARDED_AVAILABILITY = YES_AGGRESSIVE;
				CLANG_WARN_UNREACHABLE_CODE = YES;
				CLANG_WARN__DUPLICATE_METHOD_MATCH = YES;
				COPY_PHASE_STRIP = NO;
				DEBUG_INFORMATION_FORMAT = "dwarf-with-dsym";
				ENABLE_NS_ASSERTIONS = NO;
				ENABLE_STRICT_OBJC_MSGSEND = YES;
				GCC_C_LANGUAGE_STANDARD = gnu11;
				GCC_NO_COMMON_BLOCKS = YES;
				GCC_WARN_64_TO_32_BIT_CONVERSION = YES;
				GCC_WARN_ABOUT_RETURN_TYPE = YES_ERROR;
				GCC_WARN_UNDECLARED_SELECTOR = YES;
				GCC_WARN_UNINITIALIZED_AUTOS = YES_AGGRESSIVE;
				GCC_WARN_UNUSED_FUNCTION = YES;
				GCC_WARN_UNUSED_VARIABLE = YES;
				IPHONEOS_DEPLOYMENT_TARGET = 16.2;
				MTL_ENABLE_DEBUG_INFO = NO;
				MTL_FAST_MATH = YES;
				SDKROOT = iphoneos;
				SWIFT_COMPILATION_MODE = wholemodule;
				SWIFT_OPTIMIZATION_LEVEL = "-O";
				VALIDATE_PRODUCT = YES;
			};
			name = Release;
		};
		A1CD9571297B4B5800A7749D /* Debug */ = {
			isa = XCBuildConfiguration;
			buildSettings = {
				ASSETCATALOG_COMPILER_APPICON_NAME = AppIcon;
				ASSETCATALOG_COMPILER_GLOBAL_ACCENT_COLOR_NAME = AccentColor;
				CODE_SIGN_STYLE = Automatic;
				CURRENT_PROJECT_VERSION = 1;
				DEVELOPMENT_TEAM = WHCBWLCWQ4;
				GENERATE_INFOPLIST_FILE = YES;
				INFOPLIST_FILE = ThatMeal/Resources/Info.plist;
				INFOPLIST_KEY_UIApplicationSupportsIndirectInputEvents = YES;
				INFOPLIST_KEY_UILaunchStoryboardName = LaunchScreen;
				INFOPLIST_KEY_UIMainStoryboardFile = Main;
				INFOPLIST_KEY_UISupportedInterfaceOrientations_iPad = "UIInterfaceOrientationPortrait UIInterfaceOrientationPortraitUpsideDown UIInterfaceOrientationLandscapeLeft UIInterfaceOrientationLandscapeRight";
				INFOPLIST_KEY_UISupportedInterfaceOrientations_iPhone = "UIInterfaceOrientationPortrait UIInterfaceOrientationLandscapeLeft UIInterfaceOrientationLandscapeRight";
				LD_RUNPATH_SEARCH_PATHS = (
					"$(inherited)",
					"@executable_path/Frameworks",
				);
				MARKETING_VERSION = 1.0;
				PRODUCT_BUNDLE_IDENTIFIER = com.matheusfoliveira.ThatMeal;
				PRODUCT_NAME = "$(TARGET_NAME)";
				SWIFT_EMIT_LOC_STRINGS = YES;
				SWIFT_VERSION = 5.0;
				TARGETED_DEVICE_FAMILY = "1,2";
			};
			name = Debug;
		};
		A1CD9572297B4B5800A7749D /* Release */ = {
			isa = XCBuildConfiguration;
			buildSettings = {
				ASSETCATALOG_COMPILER_APPICON_NAME = AppIcon;
				ASSETCATALOG_COMPILER_GLOBAL_ACCENT_COLOR_NAME = AccentColor;
				CODE_SIGN_STYLE = Automatic;
				CURRENT_PROJECT_VERSION = 1;
				DEVELOPMENT_TEAM = WHCBWLCWQ4;
				GENERATE_INFOPLIST_FILE = YES;
				INFOPLIST_FILE = ThatMeal/Resources/Info.plist;
				INFOPLIST_KEY_UIApplicationSupportsIndirectInputEvents = YES;
				INFOPLIST_KEY_UILaunchStoryboardName = LaunchScreen;
				INFOPLIST_KEY_UIMainStoryboardFile = Main;
				INFOPLIST_KEY_UISupportedInterfaceOrientations_iPad = "UIInterfaceOrientationPortrait UIInterfaceOrientationPortraitUpsideDown UIInterfaceOrientationLandscapeLeft UIInterfaceOrientationLandscapeRight";
				INFOPLIST_KEY_UISupportedInterfaceOrientations_iPhone = "UIInterfaceOrientationPortrait UIInterfaceOrientationLandscapeLeft UIInterfaceOrientationLandscapeRight";
				LD_RUNPATH_SEARCH_PATHS = (
					"$(inherited)",
					"@executable_path/Frameworks",
				);
				MARKETING_VERSION = 1.0;
				PRODUCT_BUNDLE_IDENTIFIER = com.matheusfoliveira.ThatMeal;
				PRODUCT_NAME = "$(TARGET_NAME)";
				SWIFT_EMIT_LOC_STRINGS = YES;
				SWIFT_VERSION = 5.0;
				TARGETED_DEVICE_FAMILY = "1,2";
			};
			name = Release;
		};
/* End XCBuildConfiguration section */

/* Begin XCConfigurationList section */
		A1CD9557297B4B5700A7749D /* Build configuration list for PBXProject "ThatMeal" */ = {
			isa = XCConfigurationList;
			buildConfigurations = (
				A1CD956E297B4B5800A7749D /* Debug */,
				A1CD956F297B4B5800A7749D /* Release */,
			);
			defaultConfigurationIsVisible = 0;
			defaultConfigurationName = Release;
		};
		A1CD9570297B4B5800A7749D /* Build configuration list for PBXNativeTarget "ThatMeal" */ = {
			isa = XCConfigurationList;
			buildConfigurations = (
				A1CD9571297B4B5800A7749D /* Debug */,
				A1CD9572297B4B5800A7749D /* Release */,
			);
			defaultConfigurationIsVisible = 0;
			defaultConfigurationName = Release;
		};
/* End XCConfigurationList section */
	};
	rootObject = A1CD9554297B4B5700A7749D /* Project object */;
}
